
Microsoft Visual Studio Solution File, Format Version 12.00
# Visual Studio Version 17
VisualStudioVersion = 17.4.33213.308
MinimumVisualStudioVersion = 10.0.40219.1
Project("{FAE04EC0-301F-11D3-BF4B-00C04F79EFBC}") = "ByteBank", "ByteBank\ByteBank.csproj", "{AFC632A5-B2A0-4D67-99B4-5A3D343F98F9}"
EndProject
Global
	GlobalSection(SolutionConfigurationPlatforms) = preSolution
		Debug|Any CPU = Debug|Any CPU
		Release|Any CPU = Release|Any CPU
	EndGlobalSection
	GlobalSection(ProjectConfigurationPlatforms) = postSolution
		{AFC632A5-B2A0-4D67-99B4-5A3D343F98F9}.Debug|Any CPU.ActiveCfg = Debug|Any CPU
		{AFC632A5-B2A0-4D67-99B4-5A3D343F98F9}.Debug|Any CPU.Build.0 = Debug|Any CPU
		{AFC632A5-B2A0-4D67-99B4-5A3D343F98F9}.Release|Any CPU.ActiveCfg = Release|Any CPU
		{AFC632A5-B2A0-4D67-99B4-5A3D343F98F9}.Release|Any CPU.Build.0 = Release|Any CPU
	EndGlobalSection
	GlobalSection(SolutionProperties) = preSolution
		HideSolutionNode = FALSE
	EndGlobalSection
	GlobalSection(ExtensibilityGlobals) = postSolution
		SolutionGuid = {A952A51A-8064-498E-B14A-E01827870170}
	EndGlobalSection
EndGlobal
